
Microsoft Visual Studio Solution File, Format Version 12.00
# Visual Studio 15
VisualStudioVersion = 15.0.28307.168
MinimumVisualStudioVersion = 10.0.40219.1
Project("{8BC9CEB8-8B4A-11D0-8D11-00A0C91BC942}") = "Stardew Valley", "WindowAPI.vcxproj", "{5CFDEF9B-DA94-4BF5-A033-6A6386FC4E29}"
EndProject
Project("{2150E333-8FDC-42A3-9474-1A3956D46DE8}") = "Solution Items", "Solution Items", "{CCBB44C4-1FF7-4D72-83D4-2A3D38208BAE}"
	ProjectSection(SolutionItems) = preProject
		endingScene.cpp = endingScene.cpp
		endingScene.h = endingScene.h
	EndProjectSection
EndProject
Global
	GlobalSection(SolutionConfigurationPlatforms) = preSolution
		Debug|x86 = Debug|x86
		Release|x86 = Release|x86
	EndGlobalSection
	GlobalSection(ProjectConfigurationPlatforms) = postSolution
		{5CFDEF9B-DA94-4BF5-A033-6A6386FC4E29}.Debug|x86.ActiveCfg = Debug|Win32
		{5CFDEF9B-DA94-4BF5-A033-6A6386FC4E29}.Debug|x86.Build.0 = Debug|Win32
		{5CFDEF9B-DA94-4BF5-A033-6A6386FC4E29}.Release|x86.ActiveCfg = Release|Win32
		{5CFDEF9B-DA94-4BF5-A033-6A6386FC4E29}.Release|x86.Build.0 = Release|Win32
	EndGlobalSection
	GlobalSection(SolutionProperties) = preSolution
		HideSolutionNode = FALSE
	EndGlobalSection
	GlobalSection(ExtensibilityGlobals) = postSolution
		SolutionGuid = {18FE1A6B-BD88-4603-B58C-01E7C4665EAA}
	EndGlobalSection
EndGlobal
